
Microsoft Visual Studio Solution File, Format Version 12.00
# Visual Studio Version 16
VisualStudioVersion = 16.0.29020.237
MinimumVisualStudioVersion = 10.0.40219.1
Project("{FAE04EC0-301F-11D3-BF4B-00C04F79EFBC}") = "TicTacToe", "TicTacToe\TicTacToe.csproj", "{8C637C19-A14F-4CCB-8C49-19E8A2F8804C}"
EndProject
Global
	GlobalSection(SolutionConfigurationPlatforms) = preSolution
		Debug|Any CPU = Debug|Any CPU
		Release|Any CPU = Release|Any CPU
	EndGlobalSection
	GlobalSection(ProjectConfigurationPlatforms) = postSolution
		{8C637C19-A14F-4CCB-8C49-19E8A2F8804C}.Debug|Any CPU.ActiveCfg = Debug|Any CPU
		{8C637C19-A14F-4CCB-8C49-19E8A2F8804C}.Debug|Any CPU.Build.0 = Debug|Any CPU
		{8C637C19-A14F-4CCB-8C49-19E8A2F8804C}.Release|Any CPU.ActiveCfg = Release|Any CPU
		{8C637C19-A14F-4CCB-8C49-19E8A2F8804C}.Release|Any CPU.Build.0 = Release|Any CPU
	EndGlobalSection
	GlobalSection(SolutionProperties) = preSolution
		HideSolutionNode = FALSE
	EndGlobalSection
	GlobalSection(ExtensibilityGlobals) = postSolution
		SolutionGuid = {0CBE3B2A-0FC7-4686-B9D9-FEFF13B497C7}
	EndGlobalSection
EndGlobal
