
Microsoft Visual Studio Solution File, Format Version 12.00
# Visual Studio Version 16
VisualStudioVersion = 16.0.29020.237
MinimumVisualStudioVersion = 10.0.40219.1
Project("{FAE04EC0-301F-11D3-BF4B-00C04F79EFBC}") = "SuperHeroes", "SuperHeroes\SuperHeroes.csproj", "{3CC66659-5A33-4D45-9245-E621FDE46666}"
EndProject
Global
	GlobalSection(SolutionConfigurationPlatforms) = preSolution
		Debug|Any CPU = Debug|Any CPU
		Release|Any CPU = Release|Any CPU
	EndGlobalSection
	GlobalSection(ProjectConfigurationPlatforms) = postSolution
		{3CC66659-5A33-4D45-9245-E621FDE46666}.Debug|Any CPU.ActiveCfg = Debug|Any CPU
		{3CC66659-5A33-4D45-9245-E621FDE46666}.Debug|Any CPU.Build.0 = Debug|Any CPU
		{3CC66659-5A33-4D45-9245-E621FDE46666}.Release|Any CPU.ActiveCfg = Release|Any CPU
		{3CC66659-5A33-4D45-9245-E621FDE46666}.Release|Any CPU.Build.0 = Release|Any CPU
	EndGlobalSection
	GlobalSection(SolutionProperties) = preSolution
		HideSolutionNode = FALSE
	EndGlobalSection
	GlobalSection(ExtensibilityGlobals) = postSolution
		SolutionGuid = {4ADF0C5A-3F49-4B84-8D74-212584D1D225}
	EndGlobalSection
EndGlobal
