
Microsoft Visual Studio Solution File, Format Version 12.00
# Visual Studio Version 16
VisualStudioVersion = 16.0.29020.237
MinimumVisualStudioVersion = 10.0.40219.1
Project("{FAE04EC0-301F-11D3-BF4B-00C04F79EFBC}") = "CarLot", "CarLot\CarLot.csproj", "{87A54A43-24A5-48D7-AA95-15D08851B043}"
EndProject
Global
	GlobalSection(SolutionConfigurationPlatforms) = preSolution
		Debug|Any CPU = Debug|Any CPU
		Release|Any CPU = Release|Any CPU
	EndGlobalSection
	GlobalSection(ProjectConfigurationPlatforms) = postSolution
		{87A54A43-24A5-48D7-AA95-15D08851B043}.Debug|Any CPU.ActiveCfg = Debug|Any CPU
		{87A54A43-24A5-48D7-AA95-15D08851B043}.Debug|Any CPU.Build.0 = Debug|Any CPU
		{87A54A43-24A5-48D7-AA95-15D08851B043}.Release|Any CPU.ActiveCfg = Release|Any CPU
		{87A54A43-24A5-48D7-AA95-15D08851B043}.Release|Any CPU.Build.0 = Release|Any CPU
	EndGlobalSection
	GlobalSection(SolutionProperties) = preSolution
		HideSolutionNode = FALSE
	EndGlobalSection
	GlobalSection(ExtensibilityGlobals) = postSolution
		SolutionGuid = {9B976C23-692A-4B9E-9D0E-1134E54C7784}
	EndGlobalSection
EndGlobal
