
Microsoft Visual Studio Solution File, Format Version 12.00
# Visual Studio Version 16
VisualStudioVersion = 16.0.29020.237
MinimumVisualStudioVersion = 10.0.40219.1
Project("{FAE04EC0-301F-11D3-BF4B-00C04F79EFBC}") = "ProCos", "ProCos\ProCos.csproj", "{286AC8E6-DD64-4AA7-BCF0-04D525BEC972}"
EndProject
Global
	GlobalSection(SolutionConfigurationPlatforms) = preSolution
		Debug|Any CPU = Debug|Any CPU
		Release|Any CPU = Release|Any CPU
	EndGlobalSection
	GlobalSection(ProjectConfigurationPlatforms) = postSolution
		{286AC8E6-DD64-4AA7-BCF0-04D525BEC972}.Debug|Any CPU.ActiveCfg = Debug|Any CPU
		{286AC8E6-DD64-4AA7-BCF0-04D525BEC972}.Debug|Any CPU.Build.0 = Debug|Any CPU
		{286AC8E6-DD64-4AA7-BCF0-04D525BEC972}.Release|Any CPU.ActiveCfg = Release|Any CPU
		{286AC8E6-DD64-4AA7-BCF0-04D525BEC972}.Release|Any CPU.Build.0 = Release|Any CPU
	EndGlobalSection
	GlobalSection(SolutionProperties) = preSolution
		HideSolutionNode = FALSE
	EndGlobalSection
	GlobalSection(ExtensibilityGlobals) = postSolution
		SolutionGuid = {54A81755-2B53-4045-8FA0-18A38F96F164}
	EndGlobalSection
EndGlobal
