
Microsoft Visual Studio Solution File, Format Version 12.00
# Visual Studio Version 16
VisualStudioVersion = 16.0.29209.62
MinimumVisualStudioVersion = 10.0.40219.1
Project("{FAE04EC0-301F-11D3-BF4B-00C04F79EFBC}") = "Checkpoint3", "Checkpoint3\Checkpoint3.csproj", "{587D9A33-9375-494D-8302-F8DA3280075B}"
EndProject
Global
	GlobalSection(SolutionConfigurationPlatforms) = preSolution
		Debug|Any CPU = Debug|Any CPU
		Release|Any CPU = Release|Any CPU
	EndGlobalSection
	GlobalSection(ProjectConfigurationPlatforms) = postSolution
		{587D9A33-9375-494D-8302-F8DA3280075B}.Debug|Any CPU.ActiveCfg = Debug|Any CPU
		{587D9A33-9375-494D-8302-F8DA3280075B}.Debug|Any CPU.Build.0 = Debug|Any CPU
		{587D9A33-9375-494D-8302-F8DA3280075B}.Release|Any CPU.ActiveCfg = Release|Any CPU
		{587D9A33-9375-494D-8302-F8DA3280075B}.Release|Any CPU.Build.0 = Release|Any CPU
	EndGlobalSection
	GlobalSection(SolutionProperties) = preSolution
		HideSolutionNode = FALSE
	EndGlobalSection
	GlobalSection(ExtensibilityGlobals) = postSolution
		SolutionGuid = {696D733F-CB84-4B33-B95D-6D66C2379878}
	EndGlobalSection
EndGlobal
