
Microsoft Visual Studio Solution File, Format Version 12.00
# Visual Studio Version 16
VisualStudioVersion = 16.0.29020.237
MinimumVisualStudioVersion = 10.0.40219.1
Project("{FAE04EC0-301F-11D3-BF4B-00C04F79EFBC}") = "TowerOfHanoi", "TowerOfHanoi\TowerOfHanoi.csproj", "{0FD7281D-6D55-4A8A-A4EE-496935BE48C2}"
EndProject
Global
	GlobalSection(SolutionConfigurationPlatforms) = preSolution
		Debug|Any CPU = Debug|Any CPU
		Release|Any CPU = Release|Any CPU
	EndGlobalSection
	GlobalSection(ProjectConfigurationPlatforms) = postSolution
		{0FD7281D-6D55-4A8A-A4EE-496935BE48C2}.Debug|Any CPU.ActiveCfg = Debug|Any CPU
		{0FD7281D-6D55-4A8A-A4EE-496935BE48C2}.Debug|Any CPU.Build.0 = Debug|Any CPU
		{0FD7281D-6D55-4A8A-A4EE-496935BE48C2}.Release|Any CPU.ActiveCfg = Release|Any CPU
		{0FD7281D-6D55-4A8A-A4EE-496935BE48C2}.Release|Any CPU.Build.0 = Release|Any CPU
	EndGlobalSection
	GlobalSection(SolutionProperties) = preSolution
		HideSolutionNode = FALSE
	EndGlobalSection
	GlobalSection(ExtensibilityGlobals) = postSolution
		SolutionGuid = {AC175273-5C4A-41C2-A7B3-C46CD44510AE}
	EndGlobalSection
EndGlobal
